
Microsoft Visual Studio Solution File, Format Version 12.00
# Visual Studio Express 2012 for Web
Project("{FAE04EC0-301F-11D3-BF4B-00C04F79EFBC}") = "OdeToFood", "OdeToFood\OdeToFood.csproj", "{B1EE99B2-76C6-4153-B95B-4180D1F0D432}"
EndProject
Project("{FAE04EC0-301F-11D3-BF4B-00C04F79EFBC}") = "OdeToFood.Tests", "OdeToFood.Tests\OdeToFood.Tests.csproj", "{04C91499-31CC-4E46-9348-0252074425EC}"
EndProject
Global
	GlobalSection(SolutionConfigurationPlatforms) = preSolution
		Debug|Any CPU = Debug|Any CPU
		Release|Any CPU = Release|Any CPU
	EndGlobalSection
	GlobalSection(ProjectConfigurationPlatforms) = postSolution
		{B1EE99B2-76C6-4153-B95B-4180D1F0D432}.Debug|Any CPU.ActiveCfg = Debug|Any CPU
		{B1EE99B2-76C6-4153-B95B-4180D1F0D432}.Debug|Any CPU.Build.0 = Debug|Any CPU
		{B1EE99B2-76C6-4153-B95B-4180D1F0D432}.Release|Any CPU.ActiveCfg = Release|Any CPU
		{B1EE99B2-76C6-4153-B95B-4180D1F0D432}.Release|Any CPU.Build.0 = Release|Any CPU
		{04C91499-31CC-4E46-9348-0252074425EC}.Debug|Any CPU.ActiveCfg = Debug|Any CPU
		{04C91499-31CC-4E46-9348-0252074425EC}.Debug|Any CPU.Build.0 = Debug|Any CPU
		{04C91499-31CC-4E46-9348-0252074425EC}.Release|Any CPU.ActiveCfg = Release|Any CPU
		{04C91499-31CC-4E46-9348-0252074425EC}.Release|Any CPU.Build.0 = Release|Any CPU
	EndGlobalSection
	GlobalSection(SolutionProperties) = preSolution
		HideSolutionNode = FALSE
	EndGlobalSection
EndGlobal
